{
    "version": 3,
    "terraform_version": "0.11.13",
    "serial": 4,
    "lineage": "37f11b1c-b206-9b7d-86c8-b44f1cc88de2",
    "modules": [
        {
            "path": [
                "root"
            ],
            "outputs": {
                "CENTOS_AMI": {
                    "sensitive": false,
                    "type": "string",
                    "value": "ami-0affd4508a5d2481b"
                },
                "UBUNTU_AMI": {
                    "sensitive": false,
                    "type": "string",
                    "value": "ami-0885b1f6bd170450c"
                },
                "az": {
                    "sensitive": false,
                    "type": "list",
                    "value": [
                        "us-east-1a",
                        "us-east-1b",
                        "us-east-1c",
                        "us-east-1d",
                        "us-east-1e",
                        "us-east-1f"
                    ]
                }
            },
            "resources": {
                "aws_instance.provisioner": {
                    "type": "aws_instance",
                    "depends_on": [
                        "aws_key_pair.class",
                        "data.aws_ami.ubuntu",
                        "data.aws_availability_zones.available"
                    ],
                    "primary": {
                        "id": "i-04f8fd0fd80df4338",
                        "attributes": {
                            "ami": "ami-0885b1f6bd170450c",
                            "arn": "arn:aws:ec2:us-east-1:361874532765:instance/i-04f8fd0fd80df4338",
                            "associate_public_ip_address": "true",
                            "availability_zone": "us-east-1d",
                            "cpu_core_count": "1",
                            "cpu_threads_per_core": "2",
                            "credit_specification.#": "1",
                            "credit_specification.0.cpu_credits": "unlimited",
                            "disable_api_termination": "false",
                            "ebs_block_device.#": "0",
                            "ebs_optimized": "false",
                            "ephemeral_block_device.#": "0",
                            "get_password_data": "false",
                            "hibernation": "false",
                            "iam_instance_profile": "",
                            "id": "i-04f8fd0fd80df4338",
                            "instance_state": "running",
                            "instance_type": "t3.micro",
                            "ipv6_address_count": "0",
                            "ipv6_addresses.#": "0",
                            "key_name": "class2-key",
                            "metadata_options.#": "1",
                            "metadata_options.0.http_endpoint": "enabled",
                            "metadata_options.0.http_put_response_hop_limit": "1",
                            "metadata_options.0.http_tokens": "optional",
                            "monitoring": "false",
                            "network_interface.#": "0",
                            "outpost_arn": "",
                            "password_data": "",
                            "placement_group": "",
                            "primary_network_interface_id": "eni-0c5d2abdf3cad17ea",
                            "private_dns": "ip-172-31-29-27.ec2.internal",
                            "private_ip": "172.31.29.27",
                            "public_dns": "ec2-54-145-52-24.compute-1.amazonaws.com",
                            "public_ip": "54.145.52.24",
                            "root_block_device.#": "1",
                            "root_block_device.0.delete_on_termination": "true",
                            "root_block_device.0.device_name": "/dev/sda1",
                            "root_block_device.0.encrypted": "false",
                            "root_block_device.0.iops": "100",
                            "root_block_device.0.kms_key_id": "",
                            "root_block_device.0.volume_id": "vol-03b22cc716aa94bf5",
                            "root_block_device.0.volume_size": "8",
                            "root_block_device.0.volume_type": "gp2",
                            "security_groups.#": "1",
                            "security_groups.3814588639": "default",
                            "source_dest_check": "true",
                            "subnet_id": "subnet-852f50c8",
                            "tags.%": "0",
                            "tenancy": "default",
                            "volume_tags.%": "0",
                            "vpc_security_group_ids.#": "1",
                            "vpc_security_group_ids.3913159078": "sg-051bf33a"
                        },
                        "meta": {
                            "e2bfb730-ecaa-11e6-8f88-34363bc7c4c0": {
                                "create": 600000000000,
                                "delete": 1200000000000,
                                "update": 600000000000
                            },
                            "schema_version": "1"
                        },
                        "tainted": false
                    },
                    "deposed": [],
                    "provider": "provider.aws"
                },
                "aws_key_pair.class": {
                    "type": "aws_key_pair",
                    "depends_on": [],
                    "primary": {
                        "id": "class2-key",
                        "attributes": {
                            "arn": "arn:aws:ec2:us-east-1:361874532765:key-pair/class2-key",
                            "fingerprint": "5a:7e:82:64:d3:f8:c4:99:67:02:da:6e:3e:7f:42:64",
                            "id": "class2-key",
                            "key_name": "class2-key",
                            "key_pair_id": "key-00950f9532f62d46a",
                            "public_key": "ssh-rsa AAAAB3NzaC1yc2EAAAADAQABAAABAQCyFnEqzHU5ni1i5koM7J7woTBL2Wso4ctJ8415xhX5H5SQjJPC8025+OtCI4NugBh35LFE65KMa1ofoaJcWJ31HXrhXLW4s4Sv1oTAMus4os0E6rpI+EgMRtwWRg7PiPD2BK3P342u3Sz97jqAUM9qvo9ClhI8EsowqGZCU9PC8BvMHFsqCCNxSYk3RmY7+CeHuyKELd3ybid68MKVqLKk7iPKEpBkDvMZcYa/XGZKHTca/tBdg2YmlP0bz9PvimQ6faw+0uNAo5U2XF55GI9vvMOYZqzTnfLi8QqS9/pDcfjwofqRxkznRXuqy8PyWdtXujxXyfNkp+F0ZDsTVL6v ec2-user@Bastion",
                            "tags.%": "0"
                        },
                        "meta": {
                            "schema_version": "1"
                        },
                        "tainted": false
                    },
                    "deposed": [],
                    "provider": "provider.aws"
                },
                "data.aws_ami.centos": {
                    "type": "aws_ami",
                    "depends_on": [],
                    "primary": {
                        "id": "ami-0affd4508a5d2481b",
                        "attributes": {
                            "architecture": "x86_64",
                            "arn": "arn:aws:ec2:us-east-1::image/ami-0affd4508a5d2481b",
                            "block_device_mappings.#": "1",
                            "block_device_mappings.1270490221.device_name": "/dev/sda1",
                            "block_device_mappings.1270490221.ebs.%": "6",
                            "block_device_mappings.1270490221.ebs.delete_on_termination": "false",
                            "block_device_mappings.1270490221.ebs.encrypted": "false",
                            "block_device_mappings.1270490221.ebs.iops": "0",
                            "block_device_mappings.1270490221.ebs.snapshot_id": "snap-0cb4f5ff601f70d3c",
                            "block_device_mappings.1270490221.ebs.volume_size": "8",
                            "block_device_mappings.1270490221.ebs.volume_type": "gp2",
                            "block_device_mappings.1270490221.no_device": "",
                            "block_device_mappings.1270490221.virtual_name": "",
                            "creation_date": "2020-03-09T21:49:28.000Z",
                            "description": "CentOS Linux 7 x86_64 HVM EBS ENA 2002_01",
                            "filter.#": "2",
                            "filter.1353251163.name": "state",
                            "filter.1353251163.values.#": "1",
                            "filter.1353251163.values.0": "available",
                            "filter.3159887878.name": "name",
                            "filter.3159887878.values.#": "1",
                            "filter.3159887878.values.0": "CentOS Linux 7 x86_64 HVM EBS *",
                            "hypervisor": "xen",
                            "id": "ami-0affd4508a5d2481b",
                            "image_id": "ami-0affd4508a5d2481b",
                            "image_location": "aws-marketplace/CentOS Linux 7 x86_64 HVM EBS ENA 2002_01-b7ee8a69-ee97-4a49-9e68-afaee216db2e-ami-0042af67f8e4dcc20.4",
                            "image_owner_alias": "aws-marketplace",
                            "image_type": "machine",
                            "most_recent": "true",
                            "name": "CentOS Linux 7 x86_64 HVM EBS ENA 2002_01-b7ee8a69-ee97-4a49-9e68-afaee216db2e-ami-0042af67f8e4dcc20.4",
                            "owner_id": "679593333241",
                            "owners.#": "1",
                            "owners.0": "679593333241",
                            "product_codes.#": "1",
                            "product_codes.347650389.product_code_id": "aw0evgkw8e5c1q413zgy5pjce",
                            "product_codes.347650389.product_code_type": "marketplace",
                            "public": "true",
                            "root_device_name": "/dev/sda1",
                            "root_device_type": "ebs",
                            "root_snapshot_id": "snap-0cb4f5ff601f70d3c",
                            "sriov_net_support": "simple",
                            "state": "available",
                            "state_reason.%": "2",
                            "state_reason.code": "UNSET",
                            "state_reason.message": "UNSET",
                            "tags.%": "0",
                            "virtualization_type": "hvm"
                        },
                        "meta": {},
                        "tainted": false
                    },
                    "deposed": [],
                    "provider": "provider.aws"
                },
                "data.aws_ami.ubuntu": {
                    "type": "aws_ami",
                    "depends_on": [],
                    "primary": {
                        "id": "ami-0885b1f6bd170450c",
                        "attributes": {
                            "architecture": "x86_64",
                            "arn": "arn:aws:ec2:us-east-1::image/ami-0885b1f6bd170450c",
                            "block_device_mappings.#": "3",
                            "block_device_mappings.1634610537.device_name": "/dev/sdb",
                            "block_device_mappings.1634610537.ebs.%": "0",
                            "block_device_mappings.1634610537.no_device": "",
                            "block_device_mappings.1634610537.virtual_name": "ephemeral0",
                            "block_device_mappings.2547816212.device_name": "/dev/sda1",
                            "block_device_mappings.2547816212.ebs.%": "6",
                            "block_device_mappings.2547816212.ebs.delete_on_termination": "true",
                            "block_device_mappings.2547816212.ebs.encrypted": "false",
                            "block_device_mappings.2547816212.ebs.iops": "0",
                            "block_device_mappings.2547816212.ebs.snapshot_id": "snap-0846ce4394d115972",
                            "block_device_mappings.2547816212.ebs.volume_size": "8",
                            "block_device_mappings.2547816212.ebs.volume_type": "gp2",
                            "block_device_mappings.2547816212.no_device": "",
                            "block_device_mappings.2547816212.virtual_name": "",
                            "block_device_mappings.3850042718.device_name": "/dev/sdc",
                            "block_device_mappings.3850042718.ebs.%": "0",
                            "block_device_mappings.3850042718.no_device": "",
                            "block_device_mappings.3850042718.virtual_name": "ephemeral1",
                            "creation_date": "2020-10-27T01:01:48.000Z",
                            "description": "Canonical, Ubuntu, 20.04 LTS, amd64 focal image build on 2020-10-26",
                            "filter.#": "2",
                            "filter.490168357.name": "virtualization-type",
                            "filter.490168357.values.#": "1",
                            "filter.490168357.values.0": "hvm",
                            "filter.57953396.name": "name",
                            "filter.57953396.values.#": "1",
                            "filter.57953396.values.0": "ubuntu/images/hvm-ssd/ubuntu-focal-20.04-amd64-server-*",
                            "hypervisor": "xen",
                            "id": "ami-0885b1f6bd170450c",
                            "image_id": "ami-0885b1f6bd170450c",
                            "image_location": "099720109477/ubuntu/images/hvm-ssd/ubuntu-focal-20.04-amd64-server-20201026",
                            "image_type": "machine",
                            "most_recent": "true",
                            "name": "ubuntu/images/hvm-ssd/ubuntu-focal-20.04-amd64-server-20201026",
                            "owner_id": "099720109477",
                            "owners.#": "1",
                            "owners.0": "099720109477",
                            "product_codes.#": "0",
                            "public": "true",
                            "root_device_name": "/dev/sda1",
                            "root_device_type": "ebs",
                            "root_snapshot_id": "snap-0846ce4394d115972",
                            "sriov_net_support": "simple",
                            "state": "available",
                            "state_reason.%": "2",
                            "state_reason.code": "UNSET",
                            "state_reason.message": "UNSET",
                            "tags.%": "0",
                            "virtualization_type": "hvm"
                        },
                        "meta": {},
                        "tainted": false
                    },
                    "deposed": [],
                    "provider": "provider.aws"
                },
                "data.aws_availability_zones.available": {
                    "type": "aws_availability_zones",
                    "depends_on": [],
                    "primary": {
                        "id": "2020-11-13 01:22:30.926886724 +0000 UTC",
                        "attributes": {
                            "group_names.#": "1",
                            "group_names.1602062193": "us-east-1",
                            "id": "2020-11-13 01:22:30.926886724 +0000 UTC",
                            "names.#": "6",
                            "names.0": "us-east-1a",
                            "names.1": "us-east-1b",
                            "names.2": "us-east-1c",
                            "names.3": "us-east-1d",
                            "names.4": "us-east-1e",
                            "names.5": "us-east-1f",
                            "state": "available",
                            "zone_ids.#": "6",
                            "zone_ids.0": "use1-az6",
                            "zone_ids.1": "use1-az1",
                            "zone_ids.2": "use1-az2",
                            "zone_ids.3": "use1-az4",
                            "zone_ids.4": "use1-az3",
                            "zone_ids.5": "use1-az5"
                        },
                        "meta": {},
                        "tainted": false
                    },
                    "deposed": [],
                    "provider": "provider.aws"
                }
            },
            "depends_on": []
        }
    ]
}
