{
    "version": 3,
    "terraform_version": "0.11.13",
    "serial": 7,
    "lineage": "e10bd35d-7913-f158-628c-6a2e9e1de707",
    "modules": [
        {
            "path": [
                "root"
            ],
            "outputs": {
                "AMI": {
                    "sensitive": false,
                    "type": "string",
                    "value": "ami-02354e95b39ca8dec"
                },
                "ARN": {
                    "sensitive": false,
                    "type": "string",
                    "value": "arn:aws:ec2:us-east-1:361874532765:instance/i-069e5573a2a9fe3b7"
                },
                "AZ": {
                    "sensitive": false,
                    "type": "string",
                    "value": "us-east-1a"
                },
                "DNS": {
                    "sensitive": false,
                    "type": "string",
                    "value": "www.bemakylbekova.com"
                },
                "ID": {
                    "sensitive": false,
                    "type": "string",
                    "value": "i-069e5573a2a9fe3b7"
                },
                "PIP": {
                    "sensitive": false,
                    "type": "string",
                    "value": "18.209.165.151"
                },
                "keyname": {
                    "sensitive": false,
                    "type": "string",
                    "value": "class2-key"
                }
            },
            "resources": {
                "aws_ebs_volume.example": {
                    "type": "aws_ebs_volume",
                    "depends_on": [],
                    "primary": {
                        "id": "vol-035dade1bfa4bd4b4",
                        "attributes": {
                            "arn": "arn:aws:ec2:us-east-1:361874532765:volume/vol-035dade1bfa4bd4b4",
                            "availability_zone": "us-east-1a",
                            "encrypted": "false",
                            "id": "vol-035dade1bfa4bd4b4",
                            "iops": "300",
                            "kms_key_id": "",
                            "multi_attach_enabled": "false",
                            "outpost_arn": "",
                            "size": "100",
                            "snapshot_id": "",
                            "tags.%": "0",
                            "type": "gp2"
                        },
                        "meta": {},
                        "tainted": false
                    },
                    "deposed": [],
                    "provider": "provider.aws"
                },
                "aws_instance.web": {
                    "type": "aws_instance",
                    "depends_on": [
                        "aws_key_pair.class",
                        "aws_security_group.class2"
                    ],
                    "primary": {
                        "id": "i-069e5573a2a9fe3b7",
                        "attributes": {
                            "ami": "ami-02354e95b39ca8dec",
                            "arn": "arn:aws:ec2:us-east-1:361874532765:instance/i-069e5573a2a9fe3b7",
                            "associate_public_ip_address": "true",
                            "availability_zone": "us-east-1a",
                            "cpu_core_count": "1",
                            "cpu_threads_per_core": "1",
                            "credit_specification.#": "1",
                            "credit_specification.0.cpu_credits": "standard",
                            "disable_api_termination": "false",
                            "ebs_block_device.#": "1",
                            "ebs_block_device.2484959975.delete_on_termination": "false",
                            "ebs_block_device.2484959975.device_name": "/dev/sdh",
                            "ebs_block_device.2484959975.encrypted": "false",
                            "ebs_block_device.2484959975.iops": "300",
                            "ebs_block_device.2484959975.kms_key_id": "",
                            "ebs_block_device.2484959975.snapshot_id": "",
                            "ebs_block_device.2484959975.volume_id": "vol-035dade1bfa4bd4b4",
                            "ebs_block_device.2484959975.volume_size": "100",
                            "ebs_block_device.2484959975.volume_type": "gp2",
                            "ebs_optimized": "false",
                            "ephemeral_block_device.#": "0",
                            "get_password_data": "false",
                            "hibernation": "false",
                            "iam_instance_profile": "",
                            "id": "i-069e5573a2a9fe3b7",
                            "instance_state": "running",
                            "instance_type": "t2.micro",
                            "ipv6_address_count": "0",
                            "ipv6_addresses.#": "0",
                            "key_name": "class2-key",
                            "metadata_options.#": "1",
                            "metadata_options.0.http_endpoint": "enabled",
                            "metadata_options.0.http_put_response_hop_limit": "1",
                            "metadata_options.0.http_tokens": "optional",
                            "monitoring": "false",
                            "network_interface.#": "0",
                            "outpost_arn": "",
                            "password_data": "",
                            "placement_group": "",
                            "primary_network_interface_id": "eni-075155463f7993ec6",
                            "private_dns": "ip-172-31-33-255.ec2.internal",
                            "private_ip": "172.31.33.255",
                            "public_dns": "ec2-18-209-165-151.compute-1.amazonaws.com",
                            "public_ip": "18.209.165.151",
                            "root_block_device.#": "1",
                            "root_block_device.0.delete_on_termination": "true",
                            "root_block_device.0.device_name": "/dev/xvda",
                            "root_block_device.0.encrypted": "false",
                            "root_block_device.0.iops": "100",
                            "root_block_device.0.kms_key_id": "",
                            "root_block_device.0.volume_id": "vol-03d0a9f89043efba3",
                            "root_block_device.0.volume_size": "8",
                            "root_block_device.0.volume_type": "gp2",
                            "security_groups.#": "1",
                            "security_groups.2055764929": "class2",
                            "source_dest_check": "true",
                            "subnet_id": "subnet-e706afb8",
                            "tags.%": "0",
                            "tenancy": "default",
                            "user_data": "35a49992585655ea8599eeddd7e13836608d727a",
                            "volume_tags.%": "0",
                            "vpc_security_group_ids.#": "1",
                            "vpc_security_group_ids.2751923426": "sg-051e88b5b30e6972f"
                        },
                        "meta": {
                            "e2bfb730-ecaa-11e6-8f88-34363bc7c4c0": {
                                "create": 600000000000,
                                "delete": 1200000000000,
                                "update": 600000000000
                            },
                            "schema_version": "1"
                        },
                        "tainted": false
                    },
                    "deposed": [],
                    "provider": "provider.aws"
                },
                "aws_key_pair.class": {
                    "type": "aws_key_pair",
                    "depends_on": [],
                    "primary": {
                        "id": "class2-key",
                        "attributes": {
                            "arn": "arn:aws:ec2:us-east-1:361874532765:key-pair/class2-key",
                            "fingerprint": "5a:7e:82:64:d3:f8:c4:99:67:02:da:6e:3e:7f:42:64",
                            "id": "class2-key",
                            "key_name": "class2-key",
                            "key_pair_id": "key-0a65c07678fd05892",
                            "public_key": "ssh-rsa AAAAB3NzaC1yc2EAAAADAQABAAABAQCyFnEqzHU5ni1i5koM7J7woTBL2Wso4ctJ8415xhX5H5SQjJPC8025+OtCI4NugBh35LFE65KMa1ofoaJcWJ31HXrhXLW4s4Sv1oTAMus4os0E6rpI+EgMRtwWRg7PiPD2BK3P342u3Sz97jqAUM9qvo9ClhI8EsowqGZCU9PC8BvMHFsqCCNxSYk3RmY7+CeHuyKELd3ybid68MKVqLKk7iPKEpBkDvMZcYa/XGZKHTca/tBdg2YmlP0bz9PvimQ6faw+0uNAo5U2XF55GI9vvMOYZqzTnfLi8QqS9/pDcfjwofqRxkznRXuqy8PyWdtXujxXyfNkp+F0ZDsTVL6v ec2-user@Bastion",
                            "tags.%": "0"
                        },
                        "meta": {
                            "schema_version": "1"
                        },
                        "tainted": false
                    },
                    "deposed": [],
                    "provider": "provider.aws"
                },
                "aws_route53_record.www": {
                    "type": "aws_route53_record",
                    "depends_on": [
                        "aws_instance.web"
                    ],
                    "primary": {
                        "id": "Z06490493RA5PJG43RM0H_www.bemakylbekova.com_A",
                        "attributes": {
                            "fqdn": "www.bemakylbekova.com",
                            "health_check_id": "",
                            "id": "Z06490493RA5PJG43RM0H_www.bemakylbekova.com_A",
                            "name": "www.bemakylbekova.com",
                            "records.#": "1",
                            "records.517895215": "18.209.165.151",
                            "set_identifier": "",
                            "ttl": "5",
                            "type": "A",
                            "zone_id": "Z06490493RA5PJG43RM0H"
                        },
                        "meta": {
                            "schema_version": "2"
                        },
                        "tainted": false
                    },
                    "deposed": [],
                    "provider": "provider.aws"
                },
                "aws_security_group.class2": {
                    "type": "aws_security_group",
                    "depends_on": [],
                    "primary": {
                        "id": "sg-051e88b5b30e6972f",
                        "attributes": {
                            "arn": "arn:aws:ec2:us-east-1:361874532765:security-group/sg-051e88b5b30e6972f",
                            "description": "Allow TLS inbound traffic",
                            "egress.#": "1",
                            "egress.482069346.cidr_blocks.#": "1",
                            "egress.482069346.cidr_blocks.0": "0.0.0.0/0",
                            "egress.482069346.description": "",
                            "egress.482069346.from_port": "0",
                            "egress.482069346.ipv6_cidr_blocks.#": "0",
                            "egress.482069346.prefix_list_ids.#": "0",
                            "egress.482069346.protocol": "-1",
                            "egress.482069346.security_groups.#": "0",
                            "egress.482069346.self": "false",
                            "egress.482069346.to_port": "0",
                            "id": "sg-051e88b5b30e6972f",
                            "ingress.#": "5",
                            "ingress.1650761905.cidr_blocks.#": "1",
                            "ingress.1650761905.cidr_blocks.0": "0.0.0.0/0",
                            "ingress.1650761905.description": "TLS from VPC",
                            "ingress.1650761905.from_port": "443",
                            "ingress.1650761905.ipv6_cidr_blocks.#": "0",
                            "ingress.1650761905.prefix_list_ids.#": "0",
                            "ingress.1650761905.protocol": "tcp",
                            "ingress.1650761905.security_groups.#": "0",
                            "ingress.1650761905.self": "false",
                            "ingress.1650761905.to_port": "443",
                            "ingress.1888890305.cidr_blocks.#": "1",
                            "ingress.1888890305.cidr_blocks.0": "50.194.68.237/32",
                            "ingress.1888890305.description": "TLS from VPC",
                            "ingress.1888890305.from_port": "22",
                            "ingress.1888890305.ipv6_cidr_blocks.#": "0",
                            "ingress.1888890305.prefix_list_ids.#": "0",
                            "ingress.1888890305.protocol": "tcp",
                            "ingress.1888890305.security_groups.#": "0",
                            "ingress.1888890305.self": "false",
                            "ingress.1888890305.to_port": "22",
                            "ingress.2156912855.cidr_blocks.#": "1",
                            "ingress.2156912855.cidr_blocks.0": "0.0.0.0/0",
                            "ingress.2156912855.description": "TLS from VPC",
                            "ingress.2156912855.from_port": "80",
                            "ingress.2156912855.ipv6_cidr_blocks.#": "0",
                            "ingress.2156912855.prefix_list_ids.#": "0",
                            "ingress.2156912855.protocol": "tcp",
                            "ingress.2156912855.security_groups.#": "0",
                            "ingress.2156912855.self": "false",
                            "ingress.2156912855.to_port": "80",
                            "ingress.22768159.cidr_blocks.#": "1",
                            "ingress.22768159.cidr_blocks.0": "0.0.0.0/0",
                            "ingress.22768159.description": "TLS from VPC",
                            "ingress.22768159.from_port": "22",
                            "ingress.22768159.ipv6_cidr_blocks.#": "0",
                            "ingress.22768159.prefix_list_ids.#": "0",
                            "ingress.22768159.protocol": "tcp",
                            "ingress.22768159.security_groups.#": "0",
                            "ingress.22768159.self": "false",
                            "ingress.22768159.to_port": "22",
                            "ingress.340458120.cidr_blocks.#": "1",
                            "ingress.340458120.cidr_blocks.0": "0.0.0.0/0",
                            "ingress.340458120.description": "TLS from VPC",
                            "ingress.340458120.from_port": "25",
                            "ingress.340458120.ipv6_cidr_blocks.#": "0",
                            "ingress.340458120.prefix_list_ids.#": "0",
                            "ingress.340458120.protocol": "tcp",
                            "ingress.340458120.security_groups.#": "0",
                            "ingress.340458120.self": "false",
                            "ingress.340458120.to_port": "25",
                            "name": "class2",
                            "owner_id": "361874532765",
                            "revoke_rules_on_delete": "false",
                            "tags.%": "0",
                            "vpc_id": "vpc-e6cf379b"
                        },
                        "meta": {
                            "e2bfb730-ecaa-11e6-8f88-34363bc7c4c0": {
                                "create": 600000000000,
                                "delete": 600000000000
                            },
                            "schema_version": "1"
                        },
                        "tainted": false
                    },
                    "deposed": [],
                    "provider": "provider.aws"
                },
                "aws_volume_attachment.ebs_att": {
                    "type": "aws_volume_attachment",
                    "depends_on": [
                        "aws_ebs_volume.example",
                        "aws_instance.web"
                    ],
                    "primary": {
                        "id": "vai-2321568807",
                        "attributes": {
                            "device_name": "/dev/sdh",
                            "id": "vai-2321568807",
                            "instance_id": "i-069e5573a2a9fe3b7",
                            "volume_id": "vol-035dade1bfa4bd4b4"
                        },
                        "meta": {},
                        "tainted": false
                    },
                    "deposed": [],
                    "provider": "provider.aws"
                }
            },
            "depends_on": []
        }
    ]
}
